
Microsoft Visual Studio Solution File, Format Version 12.00
# Visual Studio 2012
Project("{FAE04EC0-301F-11D3-BF4B-00C04F79EFBC}") = "treeTest", "treeTest\treeTest.csproj", "{12BC73D8-9560-463D-A8B1-138DC7A9B76E}"
EndProject
Global
	GlobalSection(SolutionConfigurationPlatforms) = preSolution
		Debug|Any CPU = Debug|Any CPU
		Release|Any CPU = Release|Any CPU
	EndGlobalSection
	GlobalSection(ProjectConfigurationPlatforms) = postSolution
		{12BC73D8-9560-463D-A8B1-138DC7A9B76E}.Debug|Any CPU.ActiveCfg = Debug|Any CPU
		{12BC73D8-9560-463D-A8B1-138DC7A9B76E}.Debug|Any CPU.Build.0 = Debug|Any CPU
		{12BC73D8-9560-463D-A8B1-138DC7A9B76E}.Release|Any CPU.ActiveCfg = Release|Any CPU
		{12BC73D8-9560-463D-A8B1-138DC7A9B76E}.Release|Any CPU.Build.0 = Release|Any CPU
	EndGlobalSection
	GlobalSection(SolutionProperties) = preSolution
		HideSolutionNode = FALSE
	EndGlobalSection
EndGlobal
